<?xml version="1.0" encoding="utf-8"?>
<Project ToolsVersion="4.0" xmlns="http://schemas.microsoft.com/developer/msbuild/2003">
  <ItemGroup>
    <Filter Include="Source Files">
      <UniqueIdentifier>{4FC737F1-C7A5-4376-A066-2A32D752A2FF}</UniqueIdentifier>
      <Extensions>cpp;c;cc;cxx;def;odl;idl;hpj;bat;asm;asmx</Extensions>
    </Filter>
    <Filter Include="Header Files">
      <UniqueIdentifier>{93995380-89BD-4b04-88EB-625FBE52EBFB}</UniqueIdentifier>
      <Extensions>h;hh;hpp;hxx;hm;inl;inc;ipp;xsd</Extensions>
    </Filter>
    <Filter Include="Resource Files">
      <UniqueIdentifier>{67DA6AB6-F800-4c08-8B7A-83BB121AAD01}</UniqueIdentifier>
      <Extensions>rc;ico;cur;bmp;dlg;rc2;rct;bin;rgs;gif;jpg;jpeg;jpe;resx;tiff;tif;png;wav;mfcribbon-ms</Extensions>
    </Filter>
  </ItemGroup>
  <ItemGroup>
    <ClInclude Include="stdafx.h">
      <Filter>Header Files</Filter>
    </ClInclude>
    <ClInclude Include="targetver.h">
      <Filter>Header Files</Filter>
    </ClInclude>
    <ClInclude Include="Vuelo.h">
      <Filter>Header Files</Filter>
    </ClInclude>
    <ClInclude Include="VueloPasajeros.h">
      <Filter>Header Files</Filter>
    </ClInclude>
    <ClInclude Include="VueloCarga.h">
      <Filter>Header Files</Filter>
    </ClInclude>
    <ClInclude Include="Paquete.h">
      <Filter>Header Files</Filter>
    </ClInclude>
    <ClInclude Include="Pasajero.h">
      <Filter>Header Files</Filter>
    </ClInclude>
    <ClInclude Include="NodoPasajero.h">
      <Filter>Header Files</Filter>
    </ClInclude>
    <ClInclude Include="NodoPaquete.h">
      <Filter>Header Files</Filter>
    </ClInclude>
    <ClInclude Include="NodoVuelo.h">
      <Filter>Header Files</Filter>
    </ClInclude>
    <ClInclude Include="ListaPasajero.h">
      <Filter>Header Files</Filter>
    </ClInclude>
    <ClInclude Include="ListaVuelo.h">
      <Filter>Header Files</Filter>
    </ClInclude>
    <ClInclude Include="ListaPaquetes.h">
      <Filter>Header Files</Filter>
    </ClInclude>
  </ItemGroup>
  <ItemGroup>
    <ClCompile Include="stdafx.cpp">
      <Filter>Source Files</Filter>
    </ClCompile>
    <ClCompile Include="aerolinea.cpp">
      <Filter>Source Files</Filter>
    </ClCompile>
    <ClCompile Include="Vuelo.cpp">
      <Filter>Source Files</Filter>
    </ClCompile>
    <ClCompile Include="VueloPasajeros.cpp">
      <Filter>Source Files</Filter>
    </ClCompile>
    <ClCompile Include="VueloCarga.cpp">
      <Filter>Source Files</Filter>
    </ClCompile>
    <ClCompile Include="Paquete.cpp">
      <Filter>Source Files</Filter>
    </ClCompile>
    <ClCompile Include="Pasajero.cpp">
      <Filter>Source Files</Filter>
    </ClCompile>
    <ClCompile Include="NodoPasajero.cpp">
      <Filter>Source Files</Filter>
    </ClCompile>
    <ClCompile Include="NodoPaquete.cpp">
      <Filter>Source Files</Filter>
    </ClCompile>
    <ClCompile Include="NodoVuelo.cpp">
      <Filter>Source Files</Filter>
    </ClCompile>
    <ClCompile Include="ListaPasajero.cpp">
      <Filter>Source Files</Filter>
    </ClCompile>
    <ClCompile Include="ListaVuelo.cpp">
      <Filter>Source Files</Filter>
    </ClCompile>
    <ClCompile Include="ListaPaquetes.cpp">
      <Filter>Source Files</Filter>
    </ClCompile>
  </ItemGroup>
</Project>